// !$*UTF8*$!
{
	archiveVersion = 1;
	classes = {
	};
	objectVersion = 48;
	objects = {

/* Begin PBXBuildFile section */
		0EAA1CFAEFEF5C03DE681844 /* Pods_MedSci_MadnessTests.framework in Frameworks */ = {isa = PBXBuildFile; fileRef = D23CB861717D9F3F42E7FA34 /* Pods_MedSci_MadnessTests.framework */; };
		1F3D6F86C6FE2533F489F1E5 /* Pods_MedSci_Madness.framework in Frameworks */ = {isa = PBXBuildFile; fileRef = FFBDC4A74C73BDB6E6EEB147 /* Pods_MedSci_Madness.framework */; };
		A822D986207B7C330009C797 /* QuestionService.swift in Sources */ = {isa = PBXBuildFile; fileRef = A822D985207B7C330009C797 /* QuestionService.swift */; };
		A822D98A207B91E70009C797 /* RoundedImageView.swift in Sources */ = {isa = PBXBuildFile; fileRef = A822D989207B91E70009C797 /* RoundedImageView.swift */; };
		A830BA3D2073991500B5288A /* AppDelegate.swift in Sources */ = {isa = PBXBuildFile; fileRef = A830BA3C2073991500B5288A /* AppDelegate.swift */; };
		A830BA3F2073991500B5288A /* QuestionsVC.swift in Sources */ = {isa = PBXBuildFile; fileRef = A830BA3E2073991500B5288A /* QuestionsVC.swift */; };
		A830BA422073991500B5288A /* Main.storyboard in Resources */ = {isa = PBXBuildFile; fileRef = A830BA402073991500B5288A /* Main.storyboard */; };
		A830BA442073991600B5288A /* Assets.xcassets in Resources */ = {isa = PBXBuildFile; fileRef = A830BA432073991600B5288A /* Assets.xcassets */; };
		A830BA472073991600B5288A /* LaunchScreen.storyboard in Resources */ = {isa = PBXBuildFile; fileRef = A830BA452073991600B5288A /* LaunchScreen.storyboard */; };
		A830BA522073991600B5288A /* MedSci_MadnessTests.swift in Sources */ = {isa = PBXBuildFile; fileRef = A830BA512073991600B5288A /* MedSci_MadnessTests.swift */; };
		A830BA5D2073991600B5288A /* MedSci_MadnessUITests.swift in Sources */ = {isa = PBXBuildFile; fileRef = A830BA5C2073991600B5288A /* MedSci_MadnessUITests.swift */; };
		A830BA6E2073999800B5288A /* GradientView.swift in Sources */ = {isa = PBXBuildFile; fileRef = A830BA6D2073999800B5288A /* GradientView.swift */; };
		A830BA722073A7A200B5288A /* RoundedButton.swift in Sources */ = {isa = PBXBuildFile; fileRef = A830BA712073A7A200B5288A /* RoundedButton.swift */; };
		A830BAB42073B48F00B5288A /* GoogleService-Info.plist in Resources */ = {isa = PBXBuildFile; fileRef = A830BAB32073B48F00B5288A /* GoogleService-Info.plist */; };
		A8CC7D99207B998300AFC55E /* UploadQuestionVC.swift in Sources */ = {isa = PBXBuildFile; fileRef = A8CC7D98207B998300AFC55E /* UploadQuestionVC.swift */; };
		D5907BE60DFF091A92E0AA6B /* Pods_MedSci_MadnessUITests.framework in Frameworks */ = {isa = PBXBuildFile; fileRef = 728C93DDF9C1814A9016AF30 /* Pods_MedSci_MadnessUITests.framework */; };
/* End PBXBuildFile section */

/* Begin PBXContainerItemProxy section */
		A830BA4E2073991600B5288A /* PBXContainerItemProxy */ = {
			isa = PBXContainerItemProxy;
			containerPortal = A830BA312073991500B5288A /* Project object */;
			proxyType = 1;
			remoteGlobalIDString = A830BA382073991500B5288A;
			remoteInfo = "MedSci Madness";
		};
		A830BA592073991600B5288A /* PBXContainerItemProxy */ = {
			isa = PBXContainerItemProxy;
			containerPortal = A830BA312073991500B5288A /* Project object */;
			proxyType = 1;
			remoteGlobalIDString = A830BA382073991500B5288A;
			remoteInfo = "MedSci Madness";
		};
/* End PBXContainerItemProxy section */

/* Begin PBXFileReference section */
		0E0DC5ED9DACD0E33CC2C672 /* Pods-MedSci MadnessUITests.release.xcconfig */ = {isa = PBXFileReference; includeInIndex = 1; lastKnownFileType = text.xcconfig; name = "Pods-MedSci MadnessUITests.release.xcconfig"; path = "Pods/Target Support Files/Pods-MedSci MadnessUITests/Pods-MedSci MadnessUITests.release.xcconfig"; sourceTree = "<group>"; };
		2F46AD074D7D1DA4C09ACDD8 /* Pods-MedSci MadnessTests.release.xcconfig */ = {isa = PBXFileReference; includeInIndex = 1; lastKnownFileType = text.xcconfig; name = "Pods-MedSci MadnessTests.release.xcconfig"; path = "Pods/Target Support Files/Pods-MedSci MadnessTests/Pods-MedSci MadnessTests.release.xcconfig"; sourceTree = "<group>"; };
		728C93DDF9C1814A9016AF30 /* Pods_MedSci_MadnessUITests.framework */ = {isa = PBXFileReference; explicitFileType = wrapper.framework; includeInIndex = 0; path = Pods_MedSci_MadnessUITests.framework; sourceTree = BUILT_PRODUCTS_DIR; };
		79D7D1698853D62CEBC21A1E /* Pods-MedSci Madness.debug.xcconfig */ = {isa = PBXFileReference; includeInIndex = 1; lastKnownFileType = text.xcconfig; name = "Pods-MedSci Madness.debug.xcconfig"; path = "Pods/Target Support Files/Pods-MedSci Madness/Pods-MedSci Madness.debug.xcconfig"; sourceTree = "<group>"; };
		A822D985207B7C330009C797 /* QuestionService.swift */ = {isa = PBXFileReference; lastKnownFileType = sourcecode.swift; name = QuestionService.swift; path = "MedSci Madness/QuestionService.swift"; sourceTree = SOURCE_ROOT; };
		A822D989207B91E70009C797 /* RoundedImageView.swift */ = {isa = PBXFileReference; lastKnownFileType = sourcecode.swift; path = RoundedImageView.swift; sourceTree = "<group>"; };
		A830BA392073991500B5288A /* MedSci Madness.app */ = {isa = PBXFileReference; explicitFileType = wrapper.application; includeInIndex = 0; path = "MedSci Madness.app"; sourceTree = BUILT_PRODUCTS_DIR; };
		A830BA3C2073991500B5288A /* AppDelegate.swift */ = {isa = PBXFileReference; lastKnownFileType = sourcecode.swift; path = AppDelegate.swift; sourceTree = "<group>"; };
		A830BA3E2073991500B5288A /* QuestionsVC.swift */ = {isa = PBXFileReference; lastKnownFileType = sourcecode.swift; path = QuestionsVC.swift; sourceTree = "<group>"; };
		A830BA412073991500B5288A /* Base */ = {isa = PBXFileReference; lastKnownFileType = file.storyboard; name = Base; path = Base.lproj/Main.storyboard; sourceTree = "<group>"; };
		A830BA432073991600B5288A /* Assets.xcassets */ = {isa = PBXFileReference; lastKnownFileType = folder.assetcatalog; path = Assets.xcassets; sourceTree = "<group>"; };
		A830BA462073991600B5288A /* Base */ = {isa = PBXFileReference; lastKnownFileType = file.storyboard; name = Base; path = Base.lproj/LaunchScreen.storyboard; sourceTree = "<group>"; };
		A830BA482073991600B5288A /* Info.plist */ = {isa = PBXFileReference; lastKnownFileType = text.plist.xml; path = Info.plist; sourceTree = "<group>"; };
		A830BA4D2073991600B5288A /* MedSci MadnessTests.xctest */ = {isa = PBXFileReference; explicitFileType = wrapper.cfbundle; includeInIndex = 0; path = "MedSci MadnessTests.xctest"; sourceTree = BUILT_PRODUCTS_DIR; };
		A830BA512073991600B5288A /* MedSci_MadnessTests.swift */ = {isa = PBXFileReference; lastKnownFileType = sourcecode.swift; path = MedSci_MadnessTests.swift; sourceTree = "<group>"; };
		A830BA532073991600B5288A /* Info.plist */ = {isa = PBXFileReference; lastKnownFileType = text.plist.xml; path = Info.plist; sourceTree = "<group>"; };
		A830BA582073991600B5288A /* MedSci MadnessUITests.xctest */ = {isa = PBXFileReference; explicitFileType = wrapper.cfbundle; includeInIndex = 0; path = "MedSci MadnessUITests.xctest"; sourceTree = BUILT_PRODUCTS_DIR; };
		A830BA5C2073991600B5288A /* MedSci_MadnessUITests.swift */ = {isa = PBXFileReference; lastKnownFileType = sourcecode.swift; path = MedSci_MadnessUITests.swift; sourceTree = "<group>"; };
		A830BA5E2073991600B5288A /* Info.plist */ = {isa = PBXFileReference; lastKnownFileType = text.plist.xml; path = Info.plist; sourceTree = "<group>"; };
		A830BA6D2073999800B5288A /* GradientView.swift */ = {isa = PBXFileReference; lastKnownFileType = sourcecode.swift; path = GradientView.swift; sourceTree = "<group>"; };
		A830BA712073A7A200B5288A /* RoundedButton.swift */ = {isa = PBXFileReference; lastKnownFileType = sourcecode.swift; path = RoundedButton.swift; sourceTree = "<group>"; };
		A830BAB32073B48F00B5288A /* GoogleService-Info.plist */ = {isa = PBXFileReference; fileEncoding = 4; lastKnownFileType = text.plist.xml; path = "GoogleService-Info.plist"; sourceTree = "<group>"; };
		A8CC7D98207B998300AFC55E /* UploadQuestionVC.swift */ = {isa = PBXFileReference; lastKnownFileType = sourcecode.swift; path = UploadQuestionVC.swift; sourceTree = "<group>"; };
		BCFFA9346111C9855C205774 /* Pods-MedSci Madness.release.xcconfig */ = {isa = PBXFileReference; includeInIndex = 1; lastKnownFileType = text.xcconfig; name = "Pods-MedSci Madness.release.xcconfig"; path = "Pods/Target Support Files/Pods-MedSci Madness/Pods-MedSci Madness.release.xcconfig"; sourceTree = "<group>"; };
		CDF52C7CD4BA9FE964853F17 /* Pods-MedSci MadnessTests.debug.xcconfig */ = {isa = PBXFileReference; includeInIndex = 1; lastKnownFileType = text.xcconfig; name = "Pods-MedSci MadnessTests.debug.xcconfig"; path = "Pods/Target Support Files/Pods-MedSci MadnessTests/Pods-MedSci MadnessTests.debug.xcconfig"; sourceTree = "<group>"; };
		D23CB861717D9F3F42E7FA34 /* Pods_MedSci_MadnessTests.framework */ = {isa = PBXFileReference; explicitFileType = wrapper.framework; includeInIndex = 0; path = Pods_MedSci_MadnessTests.framework; sourceTree = BUILT_PRODUCTS_DIR; };
		E17F2145FBCEE5B0456EF9D8 /* Pods-MedSci MadnessUITests.debug.xcconfig */ = {isa = PBXFileReference; includeInIndex = 1; lastKnownFileType = text.xcconfig; name = "Pods-MedSci MadnessUITests.debug.xcconfig"; path = "Pods/Target Support Files/Pods-MedSci MadnessUITests/Pods-MedSci MadnessUITests.debug.xcconfig"; sourceTree = "<group>"; };
		FFBDC4A74C73BDB6E6EEB147 /* Pods_MedSci_Madness.framework */ = {isa = PBXFileReference; explicitFileType = wrapper.framework; includeInIndex = 0; path = Pods_MedSci_Madness.framework; sourceTree = BUILT_PRODUCTS_DIR; };
/* End PBXFileReference section */

/* Begin PBXFrameworksBuildPhase section */
		A830BA362073991500B5288A /* Frameworks */ = {
			isa = PBXFrameworksBuildPhase;
			buildActionMask = 2147483647;
			files = (
				1F3D6F86C6FE2533F489F1E5 /* Pods_MedSci_Madness.framework in Frameworks */,
			);
			runOnlyForDeploymentPostprocessing = 0;
		};
		A830BA4A2073991600B5288A /* Frameworks */ = {
			isa = PBXFrameworksBuildPhase;
			buildActionMask = 2147483647;
			files = (
				0EAA1CFAEFEF5C03DE681844 /* Pods_MedSci_MadnessTests.framework in Frameworks */,
			);
			runOnlyForDeploymentPostprocessing = 0;
		};
		A830BA552073991600B5288A /* Frameworks */ = {
			isa = PBXFrameworksBuildPhase;
			buildActionMask = 2147483647;
			files = (
				D5907BE60DFF091A92E0AA6B /* Pods_MedSci_MadnessUITests.framework in Frameworks */,
			);
			runOnlyForDeploymentPostprocessing = 0;
		};
/* End PBXFrameworksBuildPhase section */

/* Begin PBXGroup section */
		15ACAC407BD636A24D2C597D /* Pods */ = {
			isa = PBXGroup;
			children = (
				79D7D1698853D62CEBC21A1E /* Pods-MedSci Madness.debug.xcconfig */,
				BCFFA9346111C9855C205774 /* Pods-MedSci Madness.release.xcconfig */,
				CDF52C7CD4BA9FE964853F17 /* Pods-MedSci MadnessTests.debug.xcconfig */,
				2F46AD074D7D1DA4C09ACDD8 /* Pods-MedSci MadnessTests.release.xcconfig */,
				E17F2145FBCEE5B0456EF9D8 /* Pods-MedSci MadnessUITests.debug.xcconfig */,
				0E0DC5ED9DACD0E33CC2C672 /* Pods-MedSci MadnessUITests.release.xcconfig */,
			);
			name = Pods;
			sourceTree = "<group>";
		};
		1E1DBCC84FDA88A4AA8EE4B5 /* Frameworks */ = {
			isa = PBXGroup;
			children = (
				FFBDC4A74C73BDB6E6EEB147 /* Pods_MedSci_Madness.framework */,
				D23CB861717D9F3F42E7FA34 /* Pods_MedSci_MadnessTests.framework */,
				728C93DDF9C1814A9016AF30 /* Pods_MedSci_MadnessUITests.framework */,
			);
			name = Frameworks;
			sourceTree = "<group>";
		};
		A822D984207B7C190009C797 /* QuestionSerivces */ = {
			isa = PBXGroup;
			children = (
				A822D985207B7C330009C797 /* QuestionService.swift */,
			);
			path = QuestionSerivces;
			sourceTree = "<group>";
		};
		A830BA302073991500B5288A = {
			isa = PBXGroup;
			children = (
				A830BA3B2073991500B5288A /* MedSci Madness */,
				A830BA502073991600B5288A /* MedSci MadnessTests */,
				A830BA5B2073991600B5288A /* MedSci MadnessUITests */,
				A830BA3A2073991500B5288A /* Products */,
				15ACAC407BD636A24D2C597D /* Pods */,
				1E1DBCC84FDA88A4AA8EE4B5 /* Frameworks */,
			);
			sourceTree = "<group>";
		};
		A830BA3A2073991500B5288A /* Products */ = {
			isa = PBXGroup;
			children = (
				A830BA392073991500B5288A /* MedSci Madness.app */,
				A830BA4D2073991600B5288A /* MedSci MadnessTests.xctest */,
				A830BA582073991600B5288A /* MedSci MadnessUITests.xctest */,
			);
			name = Products;
			sourceTree = "<group>";
		};
		A830BA3B2073991500B5288A /* MedSci Madness */ = {
			isa = PBXGroup;
			children = (
				A822D984207B7C190009C797 /* QuestionSerivces */,
				A830BA6C2073993A00B5288A /* Model */,
				A830BA6B2073993500B5288A /* View */,
				A830BA6A2073992F00B5288A /* Controller */,
				A830BA3C2073991500B5288A /* AppDelegate.swift */,
				A830BA402073991500B5288A /* Main.storyboard */,
				A830BA432073991600B5288A /* Assets.xcassets */,
				A830BA452073991600B5288A /* LaunchScreen.storyboard */,
				A830BA482073991600B5288A /* Info.plist */,
				A830BAB32073B48F00B5288A /* GoogleService-Info.plist */,
			);
			path = "MedSci Madness";
			sourceTree = "<group>";
		};
		A830BA502073991600B5288A /* MedSci MadnessTests */ = {
			isa = PBXGroup;
			children = (
				A830BA512073991600B5288A /* MedSci_MadnessTests.swift */,
				A830BA532073991600B5288A /* Info.plist */,
			);
			path = "MedSci MadnessTests";
			sourceTree = "<group>";
		};
		A830BA5B2073991600B5288A /* MedSci MadnessUITests */ = {
			isa = PBXGroup;
			children = (
				A830BA5C2073991600B5288A /* MedSci_MadnessUITests.swift */,
				A830BA5E2073991600B5288A /* Info.plist */,
			);
			path = "MedSci MadnessUITests";
			sourceTree = "<group>";
		};
		A830BA6A2073992F00B5288A /* Controller */ = {
			isa = PBXGroup;
			children = (
				A830BA3E2073991500B5288A /* QuestionsVC.swift */,
				A8CC7D98207B998300AFC55E /* UploadQuestionVC.swift */,
			);
			path = Controller;
			sourceTree = "<group>";
		};
		A830BA6B2073993500B5288A /* View */ = {
			isa = PBXGroup;
			children = (
				A830BA6D2073999800B5288A /* GradientView.swift */,
				A830BA712073A7A200B5288A /* RoundedButton.swift */,
				A822D989207B91E70009C797 /* RoundedImageView.swift */,
			);
			path = View;
			sourceTree = "<group>";
		};
		A830BA6C2073993A00B5288A /* Model */ = {
			isa = PBXGroup;
			children = (
			);
			path = Model;
			sourceTree = "<group>";
		};
/* End PBXGroup section */

/* Begin PBXNativeTarget section */
		A830BA382073991500B5288A /* MedSci Madness */ = {
			isa = PBXNativeTarget;
			buildConfigurationList = A830BA612073991600B5288A /* Build configuration list for PBXNativeTarget "MedSci Madness" */;
			buildPhases = (
				92D210A6DA3D150279D992B6 /* [CP] Check Pods Manifest.lock */,
				A830BA352073991500B5288A /* Sources */,
				A830BA362073991500B5288A /* Frameworks */,
				A830BA372073991500B5288A /* Resources */,
				ECD4305B0DB2921D98067D2F /* [CP] Embed Pods Frameworks */,
				76B4775C2EBFE2D8A3A62700 /* [CP] Copy Pods Resources */,
			);
			buildRules = (
			);
			dependencies = (
			);
			name = "MedSci Madness";
			productName = "MedSci Madness";
			productReference = A830BA392073991500B5288A /* MedSci Madness.app */;
			productType = "com.apple.product-type.application";
		};
		A830BA4C2073991600B5288A /* MedSci MadnessTests */ = {
			isa = PBXNativeTarget;
			buildConfigurationList = A830BA642073991600B5288A /* Build configuration list for PBXNativeTarget "MedSci MadnessTests" */;
			buildPhases = (
				FDCC6BEC95789EA69CBFF236 /* [CP] Check Pods Manifest.lock */,
				A830BA492073991600B5288A /* Sources */,
				A830BA4A2073991600B5288A /* Frameworks */,
				A830BA4B2073991600B5288A /* Resources */,
				89D2AEA013776BF772EF7DEF /* [CP] Embed Pods Frameworks */,
				3120E5E3F743A930872D56DD /* [CP] Copy Pods Resources */,
			);
			buildRules = (
			);
			dependencies = (
				A830BA4F2073991600B5288A /* PBXTargetDependency */,
			);
			name = "MedSci MadnessTests";
			productName = "MedSci MadnessTests";
			productReference = A830BA4D2073991600B5288A /* MedSci MadnessTests.xctest */;
			productType = "com.apple.product-type.bundle.unit-test";
		};
		A830BA572073991600B5288A /* MedSci MadnessUITests */ = {
			isa = PBXNativeTarget;
			buildConfigurationList = A830BA672073991600B5288A /* Build configuration list for PBXNativeTarget "MedSci MadnessUITests" */;
			buildPhases = (
				0BAABF2DA38C4BCC79FDF590 /* [CP] Check Pods Manifest.lock */,
				A830BA542073991600B5288A /* Sources */,
				A830BA552073991600B5288A /* Frameworks */,
				A830BA562073991600B5288A /* Resources */,
				2A89BA1D1E02A3474F7A29E9 /* [CP] Embed Pods Frameworks */,
				FEDAEB087A04B63BDD0E04F2 /* [CP] Copy Pods Resources */,
			);
			buildRules = (
			);
			dependencies = (
				A830BA5A2073991600B5288A /* PBXTargetDependency */,
			);
			name = "MedSci MadnessUITests";
			productName = "MedSci MadnessUITests";
			productReference = A830BA582073991600B5288A /* MedSci MadnessUITests.xctest */;
			productType = "com.apple.product-type.bundle.ui-testing";
		};
/* End PBXNativeTarget section */

/* Begin PBXProject section */
		A830BA312073991500B5288A /* Project object */ = {
			isa = PBXProject;
			attributes = {
				LastSwiftUpdateCheck = 0920;
				LastUpgradeCheck = 0920;
				ORGANIZATIONNAME = "Samuel Martin";
				TargetAttributes = {
					A830BA382073991500B5288A = {
						CreatedOnToolsVersion = 9.2;
						ProvisioningStyle = Automatic;
					};
					A830BA4C2073991600B5288A = {
						CreatedOnToolsVersion = 9.2;
						ProvisioningStyle = Automatic;
						TestTargetID = A830BA382073991500B5288A;
					};
					A830BA572073991600B5288A = {
						CreatedOnToolsVersion = 9.2;
						ProvisioningStyle = Automatic;
						TestTargetID = A830BA382073991500B5288A;
					};
				};
			};
			buildConfigurationList = A830BA342073991500B5288A /* Build configuration list for PBXProject "MedSci Madness" */;
			compatibilityVersion = "Xcode 8.0";
			developmentRegion = en;
			hasScannedForEncodings = 0;
			knownRegions = (
				en,
				Base,
			);
			mainGroup = A830BA302073991500B5288A;
			productRefGroup = A830BA3A2073991500B5288A /* Products */;
			projectDirPath = "";
			projectRoot = "";
			targets = (
				A830BA382073991500B5288A /* MedSci Madness */,
				A830BA4C2073991600B5288A /* MedSci MadnessTests */,
				A830BA572073991600B5288A /* MedSci MadnessUITests */,
			);
		};
/* End PBXProject section */

/* Begin PBXResourcesBuildPhase section */
		A830BA372073991500B5288A /* Resources */ = {
			isa = PBXResourcesBuildPhase;
			buildActionMask = 2147483647;
			files = (
				A830BA472073991600B5288A /* LaunchScreen.storyboard in Resources */,
				A830BAB42073B48F00B5288A /* GoogleService-Info.plist in Resources */,
				A830BA442073991600B5288A /* Assets.xcassets in Resources */,
				A830BA422073991500B5288A /* Main.storyboard in Resources */,
			);
			runOnlyForDeploymentPostprocessing = 0;
		};
		A830BA4B2073991600B5288A /* Resources */ = {
			isa = PBXResourcesBuildPhase;
			buildActionMask = 2147483647;
			files = (
			);
			runOnlyForDeploymentPostprocessing = 0;
		};
		A830BA562073991600B5288A /* Resources */ = {
			isa = PBXResourcesBuildPhase;
			buildActionMask = 2147483647;
			files = (
			);
			runOnlyForDeploymentPostprocessing = 0;
		};
/* End PBXResourcesBuildPhase section */

/* Begin PBXShellScriptBuildPhase section */
		0BAABF2DA38C4BCC79FDF590 /* [CP] Check Pods Manifest.lock */ = {
			isa = PBXShellScriptBuildPhase;
			buildActionMask = 2147483647;
			files = (
			);
			inputPaths = (
			);
			name = "[CP] Check Pods Manifest.lock";
			outputPaths = (
			);
			runOnlyForDeploymentPostprocessing = 0;
			shellPath = /bin/sh;
			shellScript = "diff \"${PODS_ROOT}/../Podfile.lock\" \"${PODS_ROOT}/Manifest.lock\" > /dev/null\nif [ $? != 0 ] ; then\n    # print error to STDERR\n    echo \"error: The sandbox is not in sync with the Podfile.lock. Run 'pod install' or update your CocoaPods installation.\" >&2\n    exit 1\nfi\n";
			showEnvVarsInLog = 0;
		};
		2A89BA1D1E02A3474F7A29E9 /* [CP] Embed Pods Frameworks */ = {
			isa = PBXShellScriptBuildPhase;
			buildActionMask = 2147483647;
			files = (
			);
			inputPaths = (
			);
			name = "[CP] Embed Pods Frameworks";
			outputPaths = (
			);
			runOnlyForDeploymentPostprocessing = 0;
			shellPath = /bin/sh;
			shellScript = "\"${SRCROOT}/Pods/Target Support Files/Pods-MedSci MadnessUITests/Pods-MedSci MadnessUITests-frameworks.sh\"\n";
			showEnvVarsInLog = 0;
		};
		3120E5E3F743A930872D56DD /* [CP] Copy Pods Resources */ = {
			isa = PBXShellScriptBuildPhase;
			buildActionMask = 2147483647;
			files = (
			);
			inputPaths = (
			);
			name = "[CP] Copy Pods Resources";
			outputPaths = (
			);
			runOnlyForDeploymentPostprocessing = 0;
			shellPath = /bin/sh;
			shellScript = "\"${SRCROOT}/Pods/Target Support Files/Pods-MedSci MadnessTests/Pods-MedSci MadnessTests-resources.sh\"\n";
			showEnvVarsInLog = 0;
		};
		76B4775C2EBFE2D8A3A62700 /* [CP] Copy Pods Resources */ = {
			isa = PBXShellScriptBuildPhase;
			buildActionMask = 2147483647;
			files = (
			);
			inputPaths = (
			);
			name = "[CP] Copy Pods Resources";
			outputPaths = (
			);
			runOnlyForDeploymentPostprocessing = 0;
			shellPath = /bin/sh;
			shellScript = "\"${SRCROOT}/Pods/Target Support Files/Pods-MedSci Madness/Pods-MedSci Madness-resources.sh\"\n";
			showEnvVarsInLog = 0;
		};
		89D2AEA013776BF772EF7DEF /* [CP] Embed Pods Frameworks */ = {
			isa = PBXShellScriptBuildPhase;
			buildActionMask = 2147483647;
			files = (
			);
			inputPaths = (
			);
			name = "[CP] Embed Pods Frameworks";
			outputPaths = (
			);
			runOnlyForDeploymentPostprocessing = 0;
			shellPath = /bin/sh;
			shellScript = "\"${SRCROOT}/Pods/Target Support Files/Pods-MedSci MadnessTests/Pods-MedSci MadnessTests-frameworks.sh\"\n";
			showEnvVarsInLog = 0;
		};
		92D210A6DA3D150279D992B6 /* [CP] Check Pods Manifest.lock */ = {
			isa = PBXShellScriptBuildPhase;
			buildActionMask = 2147483647;
			files = (
			);
			inputPaths = (
			);
			name = "[CP] Check Pods Manifest.lock";
			outputPaths = (
			);
			runOnlyForDeploymentPostprocessing = 0;
			shellPath = /bin/sh;
			shellScript = "diff \"${PODS_ROOT}/../Podfile.lock\" \"${PODS_ROOT}/Manifest.lock\" > /dev/null\nif [ $? != 0 ] ; then\n    # print error to STDERR\n    echo \"error: The sandbox is not in sync with the Podfile.lock. Run 'pod install' or update your CocoaPods installation.\" >&2\n    exit 1\nfi\n";
			showEnvVarsInLog = 0;
		};
		ECD4305B0DB2921D98067D2F /* [CP] Embed Pods Frameworks */ = {
			isa = PBXShellScriptBuildPhase;
			buildActionMask = 2147483647;
			files = (
			);
			inputPaths = (
			);
			name = "[CP] Embed Pods Frameworks";
			outputPaths = (
			);
			runOnlyForDeploymentPostprocessing = 0;
			shellPath = /bin/sh;
			shellScript = "\"${SRCROOT}/Pods/Target Support Files/Pods-MedSci Madness/Pods-MedSci Madness-frameworks.sh\"\n";
			showEnvVarsInLog = 0;
		};
		FDCC6BEC95789EA69CBFF236 /* [CP] Check Pods Manifest.lock */ = {
			isa = PBXShellScriptBuildPhase;
			buildActionMask = 2147483647;
			files = (
			);
			inputPaths = (
			);
			name = "[CP] Check Pods Manifest.lock";
			outputPaths = (
			);
			runOnlyForDeploymentPostprocessing = 0;
			shellPath = /bin/sh;
			shellScript = "diff \"${PODS_ROOT}/../Podfile.lock\" \"${PODS_ROOT}/Manifest.lock\" > /dev/null\nif [ $? != 0 ] ; then\n    # print error to STDERR\n    echo \"error: The sandbox is not in sync with the Podfile.lock. Run 'pod install' or update your CocoaPods installation.\" >&2\n    exit 1\nfi\n";
			showEnvVarsInLog = 0;
		};
		FEDAEB087A04B63BDD0E04F2 /* [CP] Copy Pods Resources */ = {
			isa = PBXShellScriptBuildPhase;
			buildActionMask = 2147483647;
			files = (
			);
			inputPaths = (
			);
			name = "[CP] Copy Pods Resources";
			outputPaths = (
			);
			runOnlyForDeploymentPostprocessing = 0;
			shellPath = /bin/sh;
			shellScript = "\"${SRCROOT}/Pods/Target Support Files/Pods-MedSci MadnessUITests/Pods-MedSci MadnessUITests-resources.sh\"\n";
			showEnvVarsInLog = 0;
		};
/* End PBXShellScriptBuildPhase section */

/* Begin PBXSourcesBuildPhase section */
		A830BA352073991500B5288A /* Sources */ = {
			isa = PBXSourcesBuildPhase;
			buildActionMask = 2147483647;
			files = (
				A830BA3F2073991500B5288A /* QuestionsVC.swift in Sources */,
				A830BA3D2073991500B5288A /* AppDelegate.swift in Sources */,
				A822D98A207B91E70009C797 /* RoundedImageView.swift in Sources */,
				A822D986207B7C330009C797 /* QuestionService.swift in Sources */,
				A830BA6E2073999800B5288A /* GradientView.swift in Sources */,
				A8CC7D99207B998300AFC55E /* UploadQuestionVC.swift in Sources */,
				A830BA722073A7A200B5288A /* RoundedButton.swift in Sources */,
			);
			runOnlyForDeploymentPostprocessing = 0;
		};
		A830BA492073991600B5288A /* Sources */ = {
			isa = PBXSourcesBuildPhase;
			buildActionMask = 2147483647;
			files = (
				A830BA522073991600B5288A /* MedSci_MadnessTests.swift in Sources */,
			);
			runOnlyForDeploymentPostprocessing = 0;
		};
		A830BA542073991600B5288A /* Sources */ = {
			isa = PBXSourcesBuildPhase;
			buildActionMask = 2147483647;
			files = (
				A830BA5D2073991600B5288A /* MedSci_MadnessUITests.swift in Sources */,
			);
			runOnlyForDeploymentPostprocessing = 0;
		};
/* End PBXSourcesBuildPhase section */

/* Begin PBXTargetDependency section */
		A830BA4F2073991600B5288A /* PBXTargetDependency */ = {
			isa = PBXTargetDependency;
			target = A830BA382073991500B5288A /* MedSci Madness */;
			targetProxy = A830BA4E2073991600B5288A /* PBXContainerItemProxy */;
		};
		A830BA5A2073991600B5288A /* PBXTargetDependency */ = {
			isa = PBXTargetDependency;
			target = A830BA382073991500B5288A /* MedSci Madness */;
			targetProxy = A830BA592073991600B5288A /* PBXContainerItemProxy */;
		};
/* End PBXTargetDependency section */

/* Begin PBXVariantGroup section */
		A830BA402073991500B5288A /* Main.storyboard */ = {
			isa = PBXVariantGroup;
			children = (
				A830BA412073991500B5288A /* Base */,
			);
			name = Main.storyboard;
			sourceTree = "<group>";
		};
		A830BA452073991600B5288A /* LaunchScreen.storyboard */ = {
			isa = PBXVariantGroup;
			children = (
				A830BA462073991600B5288A /* Base */,
			);
			name = LaunchScreen.storyboard;
			sourceTree = "<group>";
		};
/* End PBXVariantGroup section */

/* Begin XCBuildConfiguration section */
		A830BA5F2073991600B5288A /* Debug */ = {
			isa = XCBuildConfiguration;
			buildSettings = {
				ALWAYS_SEARCH_USER_PATHS = NO;
				CLANG_ANALYZER_NONNULL = YES;
				CLANG_ANALYZER_NUMBER_OBJECT_CONVERSION = YES_AGGRESSIVE;
				CLANG_CXX_LANGUAGE_STANDARD = "gnu++14";
				CLANG_CXX_LIBRARY = "libc++";
				CLANG_ENABLE_MODULES = YES;
				CLANG_ENABLE_OBJC_ARC = YES;
				CLANG_WARN_BLOCK_CAPTURE_AUTORELEASING = YES;
				CLANG_WARN_BOOL_CONVERSION = YES;
				CLANG_WARN_COMMA = YES;
				CLANG_WARN_CONSTANT_CONVERSION = YES;
				CLANG_WARN_DIRECT_OBJC_ISA_USAGE = YES_ERROR;
				CLANG_WARN_DOCUMENTATION_COMMENTS = YES;
				CLANG_WARN_EMPTY_BODY = YES;
				CLANG_WARN_ENUM_CONVERSION = YES;
				CLANG_WARN_INFINITE_RECURSION = YES;
				CLANG_WARN_INT_CONVERSION = YES;
				CLANG_WARN_NON_LITERAL_NULL_CONVERSION = YES;
				CLANG_WARN_OBJC_LITERAL_CONVERSION = YES;
				CLANG_WARN_OBJC_ROOT_CLASS = YES_ERROR;
				CLANG_WARN_RANGE_LOOP_ANALYSIS = YES;
				CLANG_WARN_STRICT_PROTOTYPES = YES;
				CLANG_WARN_SUSPICIOUS_MOVE = YES;
				CLANG_WARN_UNGUARDED_AVAILABILITY = YES_AGGRESSIVE;
				CLANG_WARN_UNREACHABLE_CODE = YES;
				CLANG_WARN__DUPLICATE_METHOD_MATCH = YES;
				CODE_SIGN_IDENTITY = "iPhone Developer";
				COPY_PHASE_STRIP = NO;
				DEBUG_INFORMATION_FORMAT = dwarf;
				ENABLE_STRICT_OBJC_MSGSEND = YES;
				ENABLE_TESTABILITY = YES;
				GCC_C_LANGUAGE_STANDARD = gnu11;
				GCC_DYNAMIC_NO_PIC = NO;
				GCC_NO_COMMON_BLOCKS = YES;
				GCC_OPTIMIZATION_LEVEL = 0;
				GCC_PREPROCESSOR_DEFINITIONS = (
					"DEBUG=1",
					"$(inherited)",
				);
				GCC_WARN_64_TO_32_BIT_CONVERSION = YES;
				GCC_WARN_ABOUT_RETURN_TYPE = YES_ERROR;
				GCC_WARN_UNDECLARED_SELECTOR = YES;
				GCC_WARN_UNINITIALIZED_AUTOS = YES_AGGRESSIVE;
				GCC_WARN_UNUSED_FUNCTION = YES;
				GCC_WARN_UNUSED_VARIABLE = YES;
				IPHONEOS_DEPLOYMENT_TARGET = 11.2;
				MTL_ENABLE_DEBUG_INFO = YES;
				ONLY_ACTIVE_ARCH = YES;
				SDKROOT = iphoneos;
				SWIFT_ACTIVE_COMPILATION_CONDITIONS = DEBUG;
				SWIFT_OPTIMIZATION_LEVEL = "-Onone";
			};
			name = Debug;
		};
		A830BA602073991600B5288A /* Release */ = {
			isa = XCBuildConfiguration;
			buildSettings = {
				ALWAYS_SEARCH_USER_PATHS = NO;
				CLANG_ANALYZER_NONNULL = YES;
				CLANG_ANALYZER_NUMBER_OBJECT_CONVERSION = YES_AGGRESSIVE;
				CLANG_CXX_LANGUAGE_STANDARD = "gnu++14";
				CLANG_CXX_LIBRARY = "libc++";
				CLANG_ENABLE_MODULES = YES;
				CLANG_ENABLE_OBJC_ARC = YES;
				CLANG_WARN_BLOCK_CAPTURE_AUTORELEASING = YES;
				CLANG_WARN_BOOL_CONVERSION = YES;
				CLANG_WARN_COMMA = YES;
				CLANG_WARN_CONSTANT_CONVERSION = YES;
				CLANG_WARN_DIRECT_OBJC_ISA_USAGE = YES_ERROR;
				CLANG_WARN_DOCUMENTATION_COMMENTS = YES;
				CLANG_WARN_EMPTY_BODY = YES;
				CLANG_WARN_ENUM_CONVERSION = YES;
				CLANG_WARN_INFINITE_RECURSION = YES;
				CLANG_WARN_INT_CONVERSION = YES;
				CLANG_WARN_NON_LITERAL_NULL_CONVERSION = YES;
				CLANG_WARN_OBJC_LITERAL_CONVERSION = YES;
				CLANG_WARN_OBJC_ROOT_CLASS = YES_ERROR;
				CLANG_WARN_RANGE_LOOP_ANALYSIS = YES;
				CLANG_WARN_STRICT_PROTOTYPES = YES;
				CLANG_WARN_SUSPICIOUS_MOVE = YES;
				CLANG_WARN_UNGUARDED_AVAILABILITY = YES_AGGRESSIVE;
				CLANG_WARN_UNREACHABLE_CODE = YES;
				CLANG_WARN__DUPLICATE_METHOD_MATCH = YES;
				CODE_SIGN_IDENTITY = "iPhone Developer";
				COPY_PHASE_STRIP = NO;
				DEBUG_INFORMATION_FORMAT = "dwarf-with-dsym";
				ENABLE_NS_ASSERTIONS = NO;
				ENABLE_STRICT_OBJC_MSGSEND = YES;
				GCC_C_LANGUAGE_STANDARD = gnu11;
				GCC_NO_COMMON_BLOCKS = YES;
				GCC_WARN_64_TO_32_BIT_CONVERSION = YES;
				GCC_WARN_ABOUT_RETURN_TYPE = YES_ERROR;
				GCC_WARN_UNDECLARED_SELECTOR = YES;
				GCC_WARN_UNINITIALIZED_AUTOS = YES_AGGRESSIVE;
				GCC_WARN_UNUSED_FUNCTION = YES;
				GCC_WARN_UNUSED_VARIABLE = YES;
				IPHONEOS_DEPLOYMENT_TARGET = 11.2;
				MTL_ENABLE_DEBUG_INFO = NO;
				SDKROOT = iphoneos;
				SWIFT_OPTIMIZATION_LEVEL = "-Owholemodule";
				VALIDATE_PRODUCT = YES;
			};
			name = Release;
		};
		A830BA622073991600B5288A /* Debug */ = {
			isa = XCBuildConfiguration;
			baseConfigurationReference = 79D7D1698853D62CEBC21A1E /* Pods-MedSci Madness.debug.xcconfig */;
			buildSettings = {
				ASSETCATALOG_COMPILER_APPICON_NAME = AppIcon;
				CODE_SIGN_STYLE = Automatic;
				DEVELOPMENT_TEAM = 449A99F2B2;
				INFOPLIST_FILE = "MedSci Madness/Info.plist";
				LD_RUNPATH_SEARCH_PATHS = "$(inherited) @executable_path/Frameworks";
				PRODUCT_BUNDLE_IDENTIFIER = "com.HeidelbergSchule.MedSci-Madness";
				PRODUCT_NAME = "$(TARGET_NAME)";
				SWIFT_VERSION = 4.0;
				TARGETED_DEVICE_FAMILY = "1,2";
			};
			name = Debug;
		};
		A830BA632073991600B5288A /* Release */ = {
			isa = XCBuildConfiguration;
			baseConfigurationReference = BCFFA9346111C9855C205774 /* Pods-MedSci Madness.release.xcconfig */;
			buildSettings = {
				ASSETCATALOG_COMPILER_APPICON_NAME = AppIcon;
				CODE_SIGN_STYLE = Automatic;
				DEVELOPMENT_TEAM = 449A99F2B2;
				INFOPLIST_FILE = "MedSci Madness/Info.plist";
				LD_RUNPATH_SEARCH_PATHS = "$(inherited) @executable_path/Frameworks";
				PRODUCT_BUNDLE_IDENTIFIER = "com.HeidelbergSchule.MedSci-Madness";
				PRODUCT_NAME = "$(TARGET_NAME)";
				SWIFT_VERSION = 4.0;
				TARGETED_DEVICE_FAMILY = "1,2";
			};
			name = Release;
		};
		A830BA652073991600B5288A /* Debug */ = {
			isa = XCBuildConfiguration;
			baseConfigurationReference = CDF52C7CD4BA9FE964853F17 /* Pods-MedSci MadnessTests.debug.xcconfig */;
			buildSettings = {
				ALWAYS_EMBED_SWIFT_STANDARD_LIBRARIES = YES;
				BUNDLE_LOADER = "$(TEST_HOST)";
				CODE_SIGN_STYLE = Automatic;
				DEVELOPMENT_TEAM = 449A99F2B2;
				INFOPLIST_FILE = "MedSci MadnessTests/Info.plist";
				LD_RUNPATH_SEARCH_PATHS = "$(inherited) @executable_path/Frameworks @loader_path/Frameworks";
				PRODUCT_BUNDLE_IDENTIFIER = "com.HeidelbergSchule.MedSci-MadnessTests";
				PRODUCT_NAME = "$(TARGET_NAME)";
				SWIFT_VERSION = 4.0;
				TARGETED_DEVICE_FAMILY = "1,2";
				TEST_HOST = "$(BUILT_PRODUCTS_DIR)/MedSci Madness.app/MedSci Madness";
			};
			name = Debug;
		};
		A830BA662073991600B5288A /* Release */ = {
			isa = XCBuildConfiguration;
			baseConfigurationReference = 2F46AD074D7D1DA4C09ACDD8 /* Pods-MedSci MadnessTests.release.xcconfig */;
			buildSettings = {
				ALWAYS_EMBED_SWIFT_STANDARD_LIBRARIES = YES;
				BUNDLE_LOADER = "$(TEST_HOST)";
				CODE_SIGN_STYLE = Automatic;
				DEVELOPMENT_TEAM = 449A99F2B2;
				INFOPLIST_FILE = "MedSci MadnessTests/Info.plist";
				LD_RUNPATH_SEARCH_PATHS = "$(inherited) @executable_path/Frameworks @loader_path/Frameworks";
				PRODUCT_BUNDLE_IDENTIFIER = "com.HeidelbergSchule.MedSci-MadnessTests";
				PRODUCT_NAME = "$(TARGET_NAME)";
				SWIFT_VERSION = 4.0;
				TARGETED_DEVICE_FAMILY = "1,2";
				TEST_HOST = "$(BUILT_PRODUCTS_DIR)/MedSci Madness.app/MedSci Madness";
			};
			name = Release;
		};
		A830BA682073991600B5288A /* Debug */ = {
			isa = XCBuildConfiguration;
			baseConfigurationReference = E17F2145FBCEE5B0456EF9D8 /* Pods-MedSci MadnessUITests.debug.xcconfig */;
			buildSettings = {
				ALWAYS_EMBED_SWIFT_STANDARD_LIBRARIES = YES;
				CODE_SIGN_STYLE = Automatic;
				DEVELOPMENT_TEAM = 449A99F2B2;
				INFOPLIST_FILE = "MedSci MadnessUITests/Info.plist";
				LD_RUNPATH_SEARCH_PATHS = "$(inherited) @executable_path/Frameworks @loader_path/Frameworks";
				PRODUCT_BUNDLE_IDENTIFIER = "com.HeidelbergSchule.MedSci-MadnessUITests";
				PRODUCT_NAME = "$(TARGET_NAME)";
				SWIFT_VERSION = 4.0;
				TARGETED_DEVICE_FAMILY = "1,2";
				TEST_TARGET_NAME = "MedSci Madness";
			};
			name = Debug;
		};
		A830BA692073991600B5288A /* Release */ = {
			isa = XCBuildConfiguration;
			baseConfigurationReference = 0E0DC5ED9DACD0E33CC2C672 /* Pods-MedSci MadnessUITests.release.xcconfig */;
			buildSettings = {
				ALWAYS_EMBED_SWIFT_STANDARD_LIBRARIES = YES;
				CODE_SIGN_STYLE = Automatic;
				DEVELOPMENT_TEAM = 449A99F2B2;
				INFOPLIST_FILE = "MedSci MadnessUITests/Info.plist";
				LD_RUNPATH_SEARCH_PATHS = "$(inherited) @executable_path/Frameworks @loader_path/Frameworks";
				PRODUCT_BUNDLE_IDENTIFIER = "com.HeidelbergSchule.MedSci-MadnessUITests";
				PRODUCT_NAME = "$(TARGET_NAME)";
				SWIFT_VERSION = 4.0;
				TARGETED_DEVICE_FAMILY = "1,2";
				TEST_TARGET_NAME = "MedSci Madness";
			};
			name = Release;
		};
/* End XCBuildConfiguration section */

/* Begin XCConfigurationList section */
		A830BA342073991500B5288A /* Build configuration list for PBXProject "MedSci Madness" */ = {
			isa = XCConfigurationList;
			buildConfigurations = (
				A830BA5F2073991600B5288A /* Debug */,
				A830BA602073991600B5288A /* Release */,
			);
			defaultConfigurationIsVisible = 0;
			defaultConfigurationName = Release;
		};
		A830BA612073991600B5288A /* Build configuration list for PBXNativeTarget "MedSci Madness" */ = {
			isa = XCConfigurationList;
			buildConfigurations = (
				A830BA622073991600B5288A /* Debug */,
				A830BA632073991600B5288A /* Release */,
			);
			defaultConfigurationIsVisible = 0;
			defaultConfigurationName = Release;
		};
		A830BA642073991600B5288A /* Build configuration list for PBXNativeTarget "MedSci MadnessTests" */ = {
			isa = XCConfigurationList;
			buildConfigurations = (
				A830BA652073991600B5288A /* Debug */,
				A830BA662073991600B5288A /* Release */,
			);
			defaultConfigurationIsVisible = 0;
			defaultConfigurationName = Release;
		};
		A830BA672073991600B5288A /* Build configuration list for PBXNativeTarget "MedSci MadnessUITests" */ = {
			isa = XCConfigurationList;
			buildConfigurations = (
				A830BA682073991600B5288A /* Debug */,
				A830BA692073991600B5288A /* Release */,
			);
			defaultConfigurationIsVisible = 0;
			defaultConfigurationName = Release;
		};
/* End XCConfigurationList section */
	};
	rootObject = A830BA312073991500B5288A /* Project object */;
}
